{
  "name": "omi-gltf-transform",
  "version": "0.1.0",
  "lockfileVersion": 2,
  "requires": true,
  "packages": {
    "": {
      "name": "omi-gltf-transform",
      "version": "0.1.0",
      "license": "MIT",
      "dependencies": {
        "@gltf-transform/core": "^2.0.5",
        "@gltf-transform/extensions": "^2.0.5",
        "draco3dgltf": "^1.4.1",
        "isomorphic-unfetch": "^3.1.0"
      },
      "bin": {
        "omi-gltf-transform": "bin/omi-gltf-transform.js"
      }
    },
    "node_modules/@gltf-transform/core": {
      "version": "2.0.5",
      "resolved": "https://registry.npmjs.org/@gltf-transform/core/-/core-2.0.5.tgz",
      "integrity": "sha512-ZJvkcwjQmC5Lnh62liCDDgNShEwRjXLHYmrTt2zVxeT7KUj9FMSPEr+favGZr4nXykGOeJF9YQ6a6QTwQ8F8eQ==",
      "dependencies": {
        "gl-matrix": "~3.4.3",
        "property-graph": "^0.2.6"
      }
    },
    "node_modules/@gltf-transform/extensions": {
      "version": "2.0.5",
      "resolved": "https://registry.npmjs.org/@gltf-transform/extensions/-/extensions-2.0.5.tgz",
      "integrity": "sha512-mDTebVwRwWWeK//So2tVlWj2d+Lvd0byVQ/WHOpKtlnWGX9tL4Nwzy5m62ffibrq5jpocBwVxomcNc7CPjasJA==",
      "dependencies": {
        "@gltf-transform/core": "^2.0.5",
        "ktx-parse": "^0.2.2"
      }
    },
    "node_modules/draco3dgltf": {
      "version": "1.4.1",
      "resolved": "https://registry.npmjs.org/draco3dgltf/-/draco3dgltf-1.4.1.tgz",
      "integrity": "sha512-/d3SSWca9ftcNkpSOG6dwm3z7iQtM2oqnD6Eiy4YwJczbcQ3jEkDYrtBl8RuvS9xPKqwpsyciQejAtddyjKvFg=="
    },
    "node_modules/gl-matrix": {
      "version": "3.4.3",
      "resolved": "https://registry.npmjs.org/gl-matrix/-/gl-matrix-3.4.3.tgz",
      "integrity": "sha512-wcCp8vu8FT22BnvKVPjXa/ICBWRq/zjFfdofZy1WSpQZpphblv12/bOQLBC1rMM7SGOFS9ltVmKOHil5+Ml7gA=="
    },
    "node_modules/isomorphic-unfetch": {
      "version": "3.1.0",
      "resolved": "https://registry.npmjs.org/isomorphic-unfetch/-/isomorphic-unfetch-3.1.0.tgz",
      "integrity": "sha512-geDJjpoZ8N0kWexiwkX8F9NkTsXhetLPVbZFQ+JTW239QNOwvB0gniuR1Wc6f0AMTn7/mFGyXvHTifrCp/GH8Q==",
      "dependencies": {
        "node-fetch": "^2.6.1",
        "unfetch": "^4.2.0"
      }
    },
    "node_modules/ktx-parse": {
      "version": "0.2.2",
      "resolved": "https://registry.npmjs.org/ktx-parse/-/ktx-parse-0.2.2.tgz",
      "integrity": "sha512-cFBc1jnGG2WlUf52NbDUXK2obJ+Mo9WUkBRvr6tP6CKxRMvZwDDFNV3JAS4cewETp5KyexByfWm9sm+O8AffiQ=="
    },
    "node_modules/node-fetch": {
      "version": "2.6.1",
      "resolved": "https://registry.npmjs.org/node-fetch/-/node-fetch-2.6.1.tgz",
      "integrity": "sha512-V4aYg89jEoVRxRb2fJdAg8FHvI7cEyYdVAh94HH0UIK8oJxUfkjlDQN9RbMx+bEjP7+ggMiFRprSti032Oipxw==",
      "engines": {
        "node": "4.x || >=6.0.0"
      }
    },
    "node_modules/property-graph": {
      "version": "0.2.6",
      "resolved": "https://registry.npmjs.org/property-graph/-/property-graph-0.2.6.tgz",
      "integrity": "sha512-QiBHxNZlwIarbkxsqCY688aP1ANbwtoQFBYgTZopQ0Bvku6/EYp3H4KH0ygxkhWQbJv5DEONspLy1rHi5xIycg=="
    },
    "node_modules/unfetch": {
      "version": "4.2.0",
      "resolved": "https://registry.npmjs.org/unfetch/-/unfetch-4.2.0.tgz",
      "integrity": "sha512-F9p7yYCn6cIW9El1zi0HI6vqpeIvBsr3dSuRO6Xuppb1u5rXpCPmMvLSyECLhybr9isec8Ohl0hPekMVrEinDA=="
    }
  },
  "dependencies": {
    "@gltf-transform/core": {
      "version": "2.0.5",
      "resolved": "https://registry.npmjs.org/@gltf-transform/core/-/core-2.0.5.tgz",
      "integrity": "sha512-ZJvkcwjQmC5Lnh62liCDDgNShEwRjXLHYmrTt2zVxeT7KUj9FMSPEr+favGZr4nXykGOeJF9YQ6a6QTwQ8F8eQ==",
      "requires": {
        "gl-matrix": "~3.4.3",
        "property-graph": "^0.2.6"
      }
    },
    "@gltf-transform/extensions": {
      "version": "2.0.5",
      "resolved": "https://registry.npmjs.org/@gltf-transform/extensions/-/extensions-2.0.5.tgz",
      "integrity": "sha512-mDTebVwRwWWeK//So2tVlWj2d+Lvd0byVQ/WHOpKtlnWGX9tL4Nwzy5m62ffibrq5jpocBwVxomcNc7CPjasJA==",
      "requires": {
        "@gltf-transform/core": "^2.0.5",
        "ktx-parse": "^0.2.2"
      }
    },
    "draco3dgltf": {
      "version": "1.4.1",
      "resolved": "https://registry.npmjs.org/draco3dgltf/-/draco3dgltf-1.4.1.tgz",
      "integrity": "sha512-/d3SSWca9ftcNkpSOG6dwm3z7iQtM2oqnD6Eiy4YwJczbcQ3jEkDYrtBl8RuvS9xPKqwpsyciQejAtddyjKvFg=="
    },
    "gl-matrix": {
      "version": "3.4.3",
      "resolved": "https://registry.npmjs.org/gl-matrix/-/gl-matrix-3.4.3.tgz",
      "integrity": "sha512-wcCp8vu8FT22BnvKVPjXa/ICBWRq/zjFfdofZy1WSpQZpphblv12/bOQLBC1rMM7SGOFS9ltVmKOHil5+Ml7gA=="
    },
    "isomorphic-unfetch": {
      "version": "3.1.0",
      "resolved": "https://registry.npmjs.org/isomorphic-unfetch/-/isomorphic-unfetch-3.1.0.tgz",
      "integrity": "sha512-geDJjpoZ8N0kWexiwkX8F9NkTsXhetLPVbZFQ+JTW239QNOwvB0gniuR1Wc6f0AMTn7/mFGyXvHTifrCp/GH8Q==",
      "requires": {
        "node-fetch": "^2.6.1",
        "unfetch": "^4.2.0"
      }
    },
    "ktx-parse": {
      "version": "0.2.2",
      "resolved": "https://registry.npmjs.org/ktx-parse/-/ktx-parse-0.2.2.tgz",
      "integrity": "sha512-cFBc1jnGG2WlUf52NbDUXK2obJ+Mo9WUkBRvr6tP6CKxRMvZwDDFNV3JAS4cewETp5KyexByfWm9sm+O8AffiQ=="
    },
    "node-fetch": {
      "version": "2.6.1",
      "resolved": "https://registry.npmjs.org/node-fetch/-/node-fetch-2.6.1.tgz",
      "integrity": "sha512-V4aYg89jEoVRxRb2fJdAg8FHvI7cEyYdVAh94HH0UIK8oJxUfkjlDQN9RbMx+bEjP7+ggMiFRprSti032Oipxw=="
    },
    "property-graph": {
      "version": "0.2.6",
      "resolved": "https://registry.npmjs.org/property-graph/-/property-graph-0.2.6.tgz",
      "integrity": "sha512-QiBHxNZlwIarbkxsqCY688aP1ANbwtoQFBYgTZopQ0Bvku6/EYp3H4KH0ygxkhWQbJv5DEONspLy1rHi5xIycg=="
    },
    "unfetch": {
      "version": "4.2.0",
      "resolved": "https://registry.npmjs.org/unfetch/-/unfetch-4.2.0.tgz",
      "integrity": "sha512-F9p7yYCn6cIW9El1zi0HI6vqpeIvBsr3dSuRO6Xuppb1u5rXpCPmMvLSyECLhybr9isec8Ohl0hPekMVrEinDA=="
    }
  }
}
