{
  "name": "omi-gltf-transform",
  "version": "0.1.0",
  "lockfileVersion": 2,
  "requires": true,
  "packages": {
    "": {
      "name": "omi-gltf-transform",
      "version": "0.1.0",
      "license": "MIT",
      "dependencies": {
        "@gltf-transform/core": "^2.0.0-alpha.2",
        "@gltf-transform/extensions": "^2.0.0-alpha.2",
        "draco3dgltf": "^1.4.1",
        "isomorphic-unfetch": "^3.1.0"
      },
      "bin": {
        "omi-gltf-transform": "bin/omi-gltf-transform.js"
      }
    },
    "node_modules/@gltf-transform/core": {
      "version": "2.0.0-alpha.2",
      "resolved": "https://registry.npmjs.org/@gltf-transform/core/-/core-2.0.0-alpha.2.tgz",
      "integrity": "sha512-9EnzKUAeTIP4ZkkB1r65Gkm3+pB7A0F1In0DFhoAeQSdgGB9QFwEQzOg/VZn0UMJ6132wQh9vDbfNkCjLSA4gw==",
      "dependencies": {
        "gl-matrix": "~3.4.3",
        "property-graph": "^0.2.4"
      }
    },
    "node_modules/@gltf-transform/extensions": {
      "version": "2.0.0-alpha.2",
      "resolved": "https://registry.npmjs.org/@gltf-transform/extensions/-/extensions-2.0.0-alpha.2.tgz",
      "integrity": "sha512-stjtqiOmRpNKZTAWmCVs+OJXcx8XPAP3CtYgAzW3lpktNlZEWtOde9O15VrTkGXFDOiiGV4UCldZO5pUHJNfGQ==",
      "dependencies": {
        "@gltf-transform/core": "^2.0.0-alpha.2",
        "ktx-parse": "^0.2.1"
      }
    },
    "node_modules/draco3dgltf": {
      "version": "1.4.1",
      "resolved": "https://registry.npmjs.org/draco3dgltf/-/draco3dgltf-1.4.1.tgz",
      "integrity": "sha512-/d3SSWca9ftcNkpSOG6dwm3z7iQtM2oqnD6Eiy4YwJczbcQ3jEkDYrtBl8RuvS9xPKqwpsyciQejAtddyjKvFg=="
    },
    "node_modules/gl-matrix": {
      "version": "3.4.3",
      "resolved": "https://registry.npmjs.org/gl-matrix/-/gl-matrix-3.4.3.tgz",
      "integrity": "sha512-wcCp8vu8FT22BnvKVPjXa/ICBWRq/zjFfdofZy1WSpQZpphblv12/bOQLBC1rMM7SGOFS9ltVmKOHil5+Ml7gA=="
    },
    "node_modules/isomorphic-unfetch": {
      "version": "3.1.0",
      "resolved": "https://registry.npmjs.org/isomorphic-unfetch/-/isomorphic-unfetch-3.1.0.tgz",
      "integrity": "sha512-geDJjpoZ8N0kWexiwkX8F9NkTsXhetLPVbZFQ+JTW239QNOwvB0gniuR1Wc6f0AMTn7/mFGyXvHTifrCp/GH8Q==",
      "dependencies": {
        "node-fetch": "^2.6.1",
        "unfetch": "^4.2.0"
      }
    },
    "node_modules/ktx-parse": {
      "version": "0.2.1",
      "resolved": "https://registry.npmjs.org/ktx-parse/-/ktx-parse-0.2.1.tgz",
      "integrity": "sha512-I+2mYJ6nQdWGmOlE3m9d9idKfhn2MCw04zaVpgtzyuc19uQ8OwRmmYLf/TP5ueVFfYmHbdpM8mPmId2X5PBLEw=="
    },
    "node_modules/node-fetch": {
      "version": "2.6.1",
      "resolved": "https://registry.npmjs.org/node-fetch/-/node-fetch-2.6.1.tgz",
      "integrity": "sha512-V4aYg89jEoVRxRb2fJdAg8FHvI7cEyYdVAh94HH0UIK8oJxUfkjlDQN9RbMx+bEjP7+ggMiFRprSti032Oipxw==",
      "engines": {
        "node": "4.x || >=6.0.0"
      }
    },
    "node_modules/property-graph": {
      "version": "0.2.4",
      "resolved": "https://registry.npmjs.org/property-graph/-/property-graph-0.2.4.tgz",
      "integrity": "sha512-txzVfcWk6nubQRB3jWNUI8i3vJYVFdpesWRUAfloG0igtTF7Id4kDXmxZcAajUueOSNxhrKjfGPdmczkah3a1Q=="
    },
    "node_modules/unfetch": {
      "version": "4.2.0",
      "resolved": "https://registry.npmjs.org/unfetch/-/unfetch-4.2.0.tgz",
      "integrity": "sha512-F9p7yYCn6cIW9El1zi0HI6vqpeIvBsr3dSuRO6Xuppb1u5rXpCPmMvLSyECLhybr9isec8Ohl0hPekMVrEinDA=="
    }
  },
  "dependencies": {
    "@gltf-transform/core": {
      "version": "2.0.0-alpha.2",
      "resolved": "https://registry.npmjs.org/@gltf-transform/core/-/core-2.0.0-alpha.2.tgz",
      "integrity": "sha512-9EnzKUAeTIP4ZkkB1r65Gkm3+pB7A0F1In0DFhoAeQSdgGB9QFwEQzOg/VZn0UMJ6132wQh9vDbfNkCjLSA4gw==",
      "requires": {
        "gl-matrix": "~3.4.3",
        "property-graph": "^0.2.4"
      }
    },
    "@gltf-transform/extensions": {
      "version": "2.0.0-alpha.2",
      "resolved": "https://registry.npmjs.org/@gltf-transform/extensions/-/extensions-2.0.0-alpha.2.tgz",
      "integrity": "sha512-stjtqiOmRpNKZTAWmCVs+OJXcx8XPAP3CtYgAzW3lpktNlZEWtOde9O15VrTkGXFDOiiGV4UCldZO5pUHJNfGQ==",
      "requires": {
        "@gltf-transform/core": "^2.0.0-alpha.2",
        "ktx-parse": "^0.2.1"
      }
    },
    "draco3dgltf": {
      "version": "1.4.1",
      "resolved": "https://registry.npmjs.org/draco3dgltf/-/draco3dgltf-1.4.1.tgz",
      "integrity": "sha512-/d3SSWca9ftcNkpSOG6dwm3z7iQtM2oqnD6Eiy4YwJczbcQ3jEkDYrtBl8RuvS9xPKqwpsyciQejAtddyjKvFg=="
    },
    "gl-matrix": {
      "version": "3.4.3",
      "resolved": "https://registry.npmjs.org/gl-matrix/-/gl-matrix-3.4.3.tgz",
      "integrity": "sha512-wcCp8vu8FT22BnvKVPjXa/ICBWRq/zjFfdofZy1WSpQZpphblv12/bOQLBC1rMM7SGOFS9ltVmKOHil5+Ml7gA=="
    },
    "isomorphic-unfetch": {
      "version": "3.1.0",
      "resolved": "https://registry.npmjs.org/isomorphic-unfetch/-/isomorphic-unfetch-3.1.0.tgz",
      "integrity": "sha512-geDJjpoZ8N0kWexiwkX8F9NkTsXhetLPVbZFQ+JTW239QNOwvB0gniuR1Wc6f0AMTn7/mFGyXvHTifrCp/GH8Q==",
      "requires": {
        "node-fetch": "^2.6.1",
        "unfetch": "^4.2.0"
      }
    },
    "ktx-parse": {
      "version": "0.2.1",
      "resolved": "https://registry.npmjs.org/ktx-parse/-/ktx-parse-0.2.1.tgz",
      "integrity": "sha512-I+2mYJ6nQdWGmOlE3m9d9idKfhn2MCw04zaVpgtzyuc19uQ8OwRmmYLf/TP5ueVFfYmHbdpM8mPmId2X5PBLEw=="
    },
    "node-fetch": {
      "version": "2.6.1",
      "resolved": "https://registry.npmjs.org/node-fetch/-/node-fetch-2.6.1.tgz",
      "integrity": "sha512-V4aYg89jEoVRxRb2fJdAg8FHvI7cEyYdVAh94HH0UIK8oJxUfkjlDQN9RbMx+bEjP7+ggMiFRprSti032Oipxw=="
    },
    "property-graph": {
      "version": "0.2.4",
      "resolved": "https://registry.npmjs.org/property-graph/-/property-graph-0.2.4.tgz",
      "integrity": "sha512-txzVfcWk6nubQRB3jWNUI8i3vJYVFdpesWRUAfloG0igtTF7Id4kDXmxZcAajUueOSNxhrKjfGPdmczkah3a1Q=="
    },
    "unfetch": {
      "version": "4.2.0",
      "resolved": "https://registry.npmjs.org/unfetch/-/unfetch-4.2.0.tgz",
      "integrity": "sha512-F9p7yYCn6cIW9El1zi0HI6vqpeIvBsr3dSuRO6Xuppb1u5rXpCPmMvLSyECLhybr9isec8Ohl0hPekMVrEinDA=="
    }
  }
}
